// !$*UTF8*$!
{
	archiveVersion = 1;
	classes = {
	};
	objectVersion = 51;
	objects = {

/* Begin PBXBuildFile section */
		6637405B28C23B3BA6EC87D5 /* Pods_weatherTests.framework in Frameworks */ = {isa = PBXBuildFile; fileRef = 1D396A941025B167CC52B4CF /* Pods_weatherTests.framework */; };
		841CD7F02555443900AB8ABE /* MockWeatherWorker.swift in Sources */ = {isa = PBXBuildFile; fileRef = 841CD7EF2555443900AB8ABE /* MockWeatherWorker.swift */; };
		841CD7F8255556F900AB8ABE /* WeatherInteractorTest.swift in Sources */ = {isa = PBXBuildFile; fileRef = 841CD7F7255556F900AB8ABE /* WeatherInteractorTest.swift */; };
		841CD8002555570600AB8ABE /* WeatherPresenterTest.swift in Sources */ = {isa = PBXBuildFile; fileRef = 841CD7FF2555570600AB8ABE /* WeatherPresenterTest.swift */; };
		841CD8052555571300AB8ABE /* WeatherViewControllerTest.swift in Sources */ = {isa = PBXBuildFile; fileRef = 841CD8042555571300AB8ABE /* WeatherViewControllerTest.swift */; };
		841CD80A2555571F00AB8ABE /* WeatherRouterTest.swift in Sources */ = {isa = PBXBuildFile; fileRef = 841CD8092555571F00AB8ABE /* WeatherRouterTest.swift */; };
		841CD80F2555574300AB8ABE /* ForecastInteractorTest.swift in Sources */ = {isa = PBXBuildFile; fileRef = 841CD80E2555574300AB8ABE /* ForecastInteractorTest.swift */; };
		841CD8142555575000AB8ABE /* ForecastPresenterTest.swift in Sources */ = {isa = PBXBuildFile; fileRef = 841CD8132555575000AB8ABE /* ForecastPresenterTest.swift */; };
		841CD8192555575C00AB8ABE /* ForecastViewControllerTest.swift in Sources */ = {isa = PBXBuildFile; fileRef = 841CD8182555575C00AB8ABE /* ForecastViewControllerTest.swift */; };
		842800F525556114002E64D8 /* NetworkError.swift in Sources */ = {isa = PBXBuildFile; fileRef = 842800F425556114002E64D8 /* NetworkError.swift */; };
		842800FD2555BC6D002E64D8 /* WeatherDataStore.swift in Sources */ = {isa = PBXBuildFile; fileRef = 842800FC2555BC6D002E64D8 /* WeatherDataStore.swift */; };
		842D6340255305F90090FB24 /* ForecastTableViewHeaderCell.swift in Sources */ = {isa = PBXBuildFile; fileRef = 842D633E255305F90090FB24 /* ForecastTableViewHeaderCell.swift */; };
		842D6341255305F90090FB24 /* ForecastTableViewHeaderCell.xib in Resources */ = {isa = PBXBuildFile; fileRef = 842D633F255305F90090FB24 /* ForecastTableViewHeaderCell.xib */; };
		8440B80A255453C100C10BDD /* DataHelper.swift in Sources */ = {isa = PBXBuildFile; fileRef = 8440B809255453C100C10BDD /* DataHelper.swift */; };
		8440B8162554605300C10BDD /* LoadingView.swift in Sources */ = {isa = PBXBuildFile; fileRef = 8440B8152554605300C10BDD /* LoadingView.swift */; };
		84432A8725519AFE00AFEFBA /* BaseViewController.swift in Sources */ = {isa = PBXBuildFile; fileRef = 84432A8625519AFE00AFEFBA /* BaseViewController.swift */; };
		84432A992551A41D00AFEFBA /* ForecastRouter.swift in Sources */ = {isa = PBXBuildFile; fileRef = 84432A942551A41D00AFEFBA /* ForecastRouter.swift */; };
		84432A9A2551A41D00AFEFBA /* ForecastViewController.swift in Sources */ = {isa = PBXBuildFile; fileRef = 84432A952551A41D00AFEFBA /* ForecastViewController.swift */; };
		84432A9B2551A41D00AFEFBA /* ForecastPresenter.swift in Sources */ = {isa = PBXBuildFile; fileRef = 84432A962551A41D00AFEFBA /* ForecastPresenter.swift */; };
		84432A9C2551A41D00AFEFBA /* ForecastInteractor.swift in Sources */ = {isa = PBXBuildFile; fileRef = 84432A972551A41D00AFEFBA /* ForecastInteractor.swift */; };
		84432A9D2551A41D00AFEFBA /* ForecastViewModel.swift in Sources */ = {isa = PBXBuildFile; fileRef = 84432A982551A41D00AFEFBA /* ForecastViewModel.swift */; };
		84432AA42551AE7700AFEFBA /* ForecastTableViewCell.xib in Resources */ = {isa = PBXBuildFile; fileRef = 84432AA22551AE7700AFEFBA /* ForecastTableViewCell.xib */; };
		84432AA52551AE7700AFEFBA /* ForecastTableViewCell.swift in Sources */ = {isa = PBXBuildFile; fileRef = 84432AA32551AE7700AFEFBA /* ForecastTableViewCell.swift */; };
		84432AAD2551B10300AFEFBA /* ForecastViewController+TableView.swift in Sources */ = {isa = PBXBuildFile; fileRef = 84432AAC2551B10300AFEFBA /* ForecastViewController+TableView.swift */; };
		84432AB52551B98900AFEFBA /* Extension.swift in Sources */ = {isa = PBXBuildFile; fileRef = 84432AB42551B98900AFEFBA /* Extension.swift */; };
		845EB22D25506BC2008DA208 /* AppDelegate.swift in Sources */ = {isa = PBXBuildFile; fileRef = 845EB22C25506BC2008DA208 /* AppDelegate.swift */; };
		845EB22F25506BC2008DA208 /* SceneDelegate.swift in Sources */ = {isa = PBXBuildFile; fileRef = 845EB22E25506BC2008DA208 /* SceneDelegate.swift */; };
		845EB23125506BC2008DA208 /* ViewController.swift in Sources */ = {isa = PBXBuildFile; fileRef = 845EB23025506BC2008DA208 /* ViewController.swift */; };
		845EB23425506BC2008DA208 /* Main.storyboard in Resources */ = {isa = PBXBuildFile; fileRef = 845EB23225506BC2008DA208 /* Main.storyboard */; };
		845EB23625506BC3008DA208 /* Assets.xcassets in Resources */ = {isa = PBXBuildFile; fileRef = 845EB23525506BC3008DA208 /* Assets.xcassets */; };
		845EB23925506BC3008DA208 /* LaunchScreen.storyboard in Resources */ = {isa = PBXBuildFile; fileRef = 845EB23725506BC3008DA208 /* LaunchScreen.storyboard */; };
		845EB24425506BC3008DA208 /* weatherTests.swift in Sources */ = {isa = PBXBuildFile; fileRef = 845EB24325506BC3008DA208 /* weatherTests.swift */; };
		845EB24F25506BC3008DA208 /* weatherUITests.swift in Sources */ = {isa = PBXBuildFile; fileRef = 845EB24E25506BC3008DA208 /* weatherUITests.swift */; };
		845EB26E25506FCB008DA208 /* WeatherViewController.swift in Sources */ = {isa = PBXBuildFile; fileRef = 845EB26D25506FCB008DA208 /* WeatherViewController.swift */; };
		845EB27625506FDC008DA208 /* WeatherInteractor.swift in Sources */ = {isa = PBXBuildFile; fileRef = 845EB27525506FDC008DA208 /* WeatherInteractor.swift */; };
		845EB27B25506FE4008DA208 /* WeatherPresenter.swift in Sources */ = {isa = PBXBuildFile; fileRef = 845EB27A25506FE4008DA208 /* WeatherPresenter.swift */; };
		845EB28025506FED008DA208 /* WeatherRouter.swift in Sources */ = {isa = PBXBuildFile; fileRef = 845EB27F25506FED008DA208 /* WeatherRouter.swift */; };
		845EB28525507006008DA208 /* WeatherViewModel.swift in Sources */ = {isa = PBXBuildFile; fileRef = 845EB28425507006008DA208 /* WeatherViewModel.swift */; };
		845EB28B25507103008DA208 /* WeatherService.swift in Sources */ = {isa = PBXBuildFile; fileRef = 845EB28A25507103008DA208 /* WeatherService.swift */; };
		845EB2902550710E008DA208 /* WeatherWorker.swift in Sources */ = {isa = PBXBuildFile; fileRef = 845EB28F2550710E008DA208 /* WeatherWorker.swift */; };
		845EB2952550711B008DA208 /* WeatherModel.swift in Sources */ = {isa = PBXBuildFile; fileRef = 845EB2942550711B008DA208 /* WeatherModel.swift */; };
		8462A602255462AF005074FD /* LoadingView.xib in Resources */ = {isa = PBXBuildFile; fileRef = 8462A601255462AF005074FD /* LoadingView.xib */; };
		A6FD2D24A670528C96437C89 /* Pods_weather.framework in Frameworks */ = {isa = PBXBuildFile; fileRef = 500304688B60E4F7460E44B1 /* Pods_weather.framework */; };
		FA9058D288B358B6C5F31D6E /* Pods_weather_weatherUITests.framework in Frameworks */ = {isa = PBXBuildFile; fileRef = BB81DEFD1FDAED15EE4B2189 /* Pods_weather_weatherUITests.framework */; };
/* End PBXBuildFile section */

/* Begin PBXContainerItemProxy section */
		845EB24025506BC3008DA208 /* PBXContainerItemProxy */ = {
			isa = PBXContainerItemProxy;
			containerPortal = 845EB22125506BC2008DA208 /* Project object */;
			proxyType = 1;
			remoteGlobalIDString = 845EB22825506BC2008DA208;
			remoteInfo = weather;
		};
		845EB24B25506BC3008DA208 /* PBXContainerItemProxy */ = {
			isa = PBXContainerItemProxy;
			containerPortal = 845EB22125506BC2008DA208 /* Project object */;
			proxyType = 1;
			remoteGlobalIDString = 845EB22825506BC2008DA208;
			remoteInfo = weather;
		};
/* End PBXContainerItemProxy section */

/* Begin PBXFileReference section */
		0EEB86E966E7AA1FEC74EB24 /* Pods-weather.debug.xcconfig */ = {isa = PBXFileReference; includeInIndex = 1; lastKnownFileType = text.xcconfig; name = "Pods-weather.debug.xcconfig"; path = "Target Support Files/Pods-weather/Pods-weather.debug.xcconfig"; sourceTree = "<group>"; };
		1D396A941025B167CC52B4CF /* Pods_weatherTests.framework */ = {isa = PBXFileReference; explicitFileType = wrapper.framework; includeInIndex = 0; path = Pods_weatherTests.framework; sourceTree = BUILT_PRODUCTS_DIR; };
		3796CBC54A0B76054D691EA4 /* Pods-weather-weatherUITests.release.xcconfig */ = {isa = PBXFileReference; includeInIndex = 1; lastKnownFileType = text.xcconfig; name = "Pods-weather-weatherUITests.release.xcconfig"; path = "Target Support Files/Pods-weather-weatherUITests/Pods-weather-weatherUITests.release.xcconfig"; sourceTree = "<group>"; };
		39F25B747742CB278FE3C95F /* Pods-weatherTests.debug.xcconfig */ = {isa = PBXFileReference; includeInIndex = 1; lastKnownFileType = text.xcconfig; name = "Pods-weatherTests.debug.xcconfig"; path = "Target Support Files/Pods-weatherTests/Pods-weatherTests.debug.xcconfig"; sourceTree = "<group>"; };
		500304688B60E4F7460E44B1 /* Pods_weather.framework */ = {isa = PBXFileReference; explicitFileType = wrapper.framework; includeInIndex = 0; path = Pods_weather.framework; sourceTree = BUILT_PRODUCTS_DIR; };
		56A4BADE688779F3AD7BBAB7 /* Pods-weatherTests.release.xcconfig */ = {isa = PBXFileReference; includeInIndex = 1; lastKnownFileType = text.xcconfig; name = "Pods-weatherTests.release.xcconfig"; path = "Target Support Files/Pods-weatherTests/Pods-weatherTests.release.xcconfig"; sourceTree = "<group>"; };
		841CD7EF2555443900AB8ABE /* MockWeatherWorker.swift */ = {isa = PBXFileReference; lastKnownFileType = sourcecode.swift; path = MockWeatherWorker.swift; sourceTree = "<group>"; };
		841CD7F7255556F900AB8ABE /* WeatherInteractorTest.swift */ = {isa = PBXFileReference; lastKnownFileType = sourcecode.swift; path = WeatherInteractorTest.swift; sourceTree = "<group>"; };
		841CD7FF2555570600AB8ABE /* WeatherPresenterTest.swift */ = {isa = PBXFileReference; lastKnownFileType = sourcecode.swift; path = WeatherPresenterTest.swift; sourceTree = "<group>"; };
		841CD8042555571300AB8ABE /* WeatherViewControllerTest.swift */ = {isa = PBXFileReference; lastKnownFileType = sourcecode.swift; path = WeatherViewControllerTest.swift; sourceTree = "<group>"; };
		841CD8092555571F00AB8ABE /* WeatherRouterTest.swift */ = {isa = PBXFileReference; lastKnownFileType = sourcecode.swift; path = WeatherRouterTest.swift; sourceTree = "<group>"; };
		841CD80E2555574300AB8ABE /* ForecastInteractorTest.swift */ = {isa = PBXFileReference; lastKnownFileType = sourcecode.swift; path = ForecastInteractorTest.swift; sourceTree = "<group>"; };
		841CD8132555575000AB8ABE /* ForecastPresenterTest.swift */ = {isa = PBXFileReference; lastKnownFileType = sourcecode.swift; path = ForecastPresenterTest.swift; sourceTree = "<group>"; };
		841CD8182555575C00AB8ABE /* ForecastViewControllerTest.swift */ = {isa = PBXFileReference; lastKnownFileType = sourcecode.swift; path = ForecastViewControllerTest.swift; sourceTree = "<group>"; };
		842800F425556114002E64D8 /* NetworkError.swift */ = {isa = PBXFileReference; fileEncoding = 4; lastKnownFileType = sourcecode.swift; path = NetworkError.swift; sourceTree = "<group>"; };
		842800FC2555BC6D002E64D8 /* WeatherDataStore.swift */ = {isa = PBXFileReference; lastKnownFileType = sourcecode.swift; path = WeatherDataStore.swift; sourceTree = "<group>"; };
		842D633E255305F90090FB24 /* ForecastTableViewHeaderCell.swift */ = {isa = PBXFileReference; fileEncoding = 4; lastKnownFileType = sourcecode.swift; path = ForecastTableViewHeaderCell.swift; sourceTree = "<group>"; };
		842D633F255305F90090FB24 /* ForecastTableViewHeaderCell.xib */ = {isa = PBXFileReference; fileEncoding = 4; lastKnownFileType = file.xib; path = ForecastTableViewHeaderCell.xib; sourceTree = "<group>"; };
		8440B809255453C100C10BDD /* DataHelper.swift */ = {isa = PBXFileReference; lastKnownFileType = sourcecode.swift; path = DataHelper.swift; sourceTree = "<group>"; };
		8440B8152554605300C10BDD /* LoadingView.swift */ = {isa = PBXFileReference; lastKnownFileType = sourcecode.swift; path = LoadingView.swift; sourceTree = "<group>"; };
		84432A8625519AFE00AFEFBA /* BaseViewController.swift */ = {isa = PBXFileReference; lastKnownFileType = sourcecode.swift; path = BaseViewController.swift; sourceTree = "<group>"; };
		84432A942551A41D00AFEFBA /* ForecastRouter.swift */ = {isa = PBXFileReference; fileEncoding = 4; lastKnownFileType = sourcecode.swift; path = ForecastRouter.swift; sourceTree = "<group>"; };
		84432A952551A41D00AFEFBA /* ForecastViewController.swift */ = {isa = PBXFileReference; fileEncoding = 4; lastKnownFileType = sourcecode.swift; path = ForecastViewController.swift; sourceTree = "<group>"; };
		84432A962551A41D00AFEFBA /* ForecastPresenter.swift */ = {isa = PBXFileReference; fileEncoding = 4; lastKnownFileType = sourcecode.swift; path = ForecastPresenter.swift; sourceTree = "<group>"; };
		84432A972551A41D00AFEFBA /* ForecastInteractor.swift */ = {isa = PBXFileReference; fileEncoding = 4; lastKnownFileType = sourcecode.swift; path = ForecastInteractor.swift; sourceTree = "<group>"; };
		84432A982551A41D00AFEFBA /* ForecastViewModel.swift */ = {isa = PBXFileReference; fileEncoding = 4; lastKnownFileType = sourcecode.swift; path = ForecastViewModel.swift; sourceTree = "<group>"; };
		84432AA22551AE7700AFEFBA /* ForecastTableViewCell.xib */ = {isa = PBXFileReference; fileEncoding = 4; lastKnownFileType = file.xib; path = ForecastTableViewCell.xib; sourceTree = "<group>"; };
		84432AA32551AE7700AFEFBA /* ForecastTableViewCell.swift */ = {isa = PBXFileReference; fileEncoding = 4; lastKnownFileType = sourcecode.swift; path = ForecastTableViewCell.swift; sourceTree = "<group>"; };
		84432AAC2551B10300AFEFBA /* ForecastViewController+TableView.swift */ = {isa = PBXFileReference; fileEncoding = 4; lastKnownFileType = sourcecode.swift; path = "ForecastViewController+TableView.swift"; sourceTree = "<group>"; };
		84432AB42551B98900AFEFBA /* Extension.swift */ = {isa = PBXFileReference; lastKnownFileType = sourcecode.swift; path = Extension.swift; sourceTree = "<group>"; };
		845EB22925506BC2008DA208 /* weather.app */ = {isa = PBXFileReference; explicitFileType = wrapper.application; includeInIndex = 0; path = weather.app; sourceTree = BUILT_PRODUCTS_DIR; };
		845EB22C25506BC2008DA208 /* AppDelegate.swift */ = {isa = PBXFileReference; lastKnownFileType = sourcecode.swift; path = AppDelegate.swift; sourceTree = "<group>"; };
		845EB22E25506BC2008DA208 /* SceneDelegate.swift */ = {isa = PBXFileReference; lastKnownFileType = sourcecode.swift; path = SceneDelegate.swift; sourceTree = "<group>"; };
		845EB23025506BC2008DA208 /* ViewController.swift */ = {isa = PBXFileReference; lastKnownFileType = sourcecode.swift; path = ViewController.swift; sourceTree = "<group>"; };
		845EB23325506BC2008DA208 /* Base */ = {isa = PBXFileReference; lastKnownFileType = file.storyboard; name = Base; path = Base.lproj/Main.storyboard; sourceTree = "<group>"; };
		845EB23525506BC3008DA208 /* Assets.xcassets */ = {isa = PBXFileReference; lastKnownFileType = folder.assetcatalog; path = Assets.xcassets; sourceTree = "<group>"; };
		845EB23825506BC3008DA208 /* Base */ = {isa = PBXFileReference; lastKnownFileType = file.storyboard; name = Base; path = Base.lproj/LaunchScreen.storyboard; sourceTree = "<group>"; };
		845EB23A25506BC3008DA208 /* Info.plist */ = {isa = PBXFileReference; lastKnownFileType = text.plist.xml; path = Info.plist; sourceTree = "<group>"; };
		845EB23F25506BC3008DA208 /* weatherTests.xctest */ = {isa = PBXFileReference; explicitFileType = wrapper.cfbundle; includeInIndex = 0; path = weatherTests.xctest; sourceTree = BUILT_PRODUCTS_DIR; };
		845EB24325506BC3008DA208 /* weatherTests.swift */ = {isa = PBXFileReference; lastKnownFileType = sourcecode.swift; path = weatherTests.swift; sourceTree = "<group>"; };
		845EB24525506BC3008DA208 /* Info.plist */ = {isa = PBXFileReference; lastKnownFileType = text.plist.xml; path = Info.plist; sourceTree = "<group>"; };
		845EB24A25506BC3008DA208 /* weatherUITests.xctest */ = {isa = PBXFileReference; explicitFileType = wrapper.cfbundle; includeInIndex = 0; path = weatherUITests.xctest; sourceTree = BUILT_PRODUCTS_DIR; };
		845EB24E25506BC3008DA208 /* weatherUITests.swift */ = {isa = PBXFileReference; lastKnownFileType = sourcecode.swift; path = weatherUITests.swift; sourceTree = "<group>"; };
		845EB25025506BC3008DA208 /* Info.plist */ = {isa = PBXFileReference; lastKnownFileType = text.plist.xml; path = Info.plist; sourceTree = "<group>"; };
		845EB26D25506FCB008DA208 /* WeatherViewController.swift */ = {isa = PBXFileReference; lastKnownFileType = sourcecode.swift; path = WeatherViewController.swift; sourceTree = "<group>"; };
		845EB27525506FDC008DA208 /* WeatherInteractor.swift */ = {isa = PBXFileReference; lastKnownFileType = sourcecode.swift; path = WeatherInteractor.swift; sourceTree = "<group>"; };
		845EB27A25506FE4008DA208 /* WeatherPresenter.swift */ = {isa = PBXFileReference; lastKnownFileType = sourcecode.swift; path = WeatherPresenter.swift; sourceTree = "<group>"; };
		845EB27F25506FED008DA208 /* WeatherRouter.swift */ = {isa = PBXFileReference; lastKnownFileType = sourcecode.swift; path = WeatherRouter.swift; sourceTree = "<group>"; };
		845EB28425507006008DA208 /* WeatherViewModel.swift */ = {isa = PBXFileReference; lastKnownFileType = sourcecode.swift; path = WeatherViewModel.swift; sourceTree = "<group>"; };
		845EB28A25507103008DA208 /* WeatherService.swift */ = {isa = PBXFileReference; lastKnownFileType = sourcecode.swift; path = WeatherService.swift; sourceTree = "<group>"; };
		845EB28F2550710E008DA208 /* WeatherWorker.swift */ = {isa = PBXFileReference; lastKnownFileType = sourcecode.swift; path = WeatherWorker.swift; sourceTree = "<group>"; };
		845EB2942550711B008DA208 /* WeatherModel.swift */ = {isa = PBXFileReference; lastKnownFileType = sourcecode.swift; path = WeatherModel.swift; sourceTree = "<group>"; };
		8462A601255462AF005074FD /* LoadingView.xib */ = {isa = PBXFileReference; lastKnownFileType = file.xib; path = LoadingView.xib; sourceTree = "<group>"; };
		996885971EF7906553274780 /* Pods-weather-weatherUITests.debug.xcconfig */ = {isa = PBXFileReference; includeInIndex = 1; lastKnownFileType = text.xcconfig; name = "Pods-weather-weatherUITests.debug.xcconfig"; path = "Target Support Files/Pods-weather-weatherUITests/Pods-weather-weatherUITests.debug.xcconfig"; sourceTree = "<group>"; };
		BB81DEFD1FDAED15EE4B2189 /* Pods_weather_weatherUITests.framework */ = {isa = PBXFileReference; explicitFileType = wrapper.framework; includeInIndex = 0; path = Pods_weather_weatherUITests.framework; sourceTree = BUILT_PRODUCTS_DIR; };
		D4B9A08CEDB48CD5D5DBE1BD /* Pods-weather.release.xcconfig */ = {isa = PBXFileReference; includeInIndex = 1; lastKnownFileType = text.xcconfig; name = "Pods-weather.release.xcconfig"; path = "Target Support Files/Pods-weather/Pods-weather.release.xcconfig"; sourceTree = "<group>"; };
/* End PBXFileReference section */

/* Begin PBXFrameworksBuildPhase section */
		845EB22625506BC2008DA208 /* Frameworks */ = {
			isa = PBXFrameworksBuildPhase;
			buildActionMask = 2147483647;
			files = (
				A6FD2D24A670528C96437C89 /* Pods_weather.framework in Frameworks */,
			);
			runOnlyForDeploymentPostprocessing = 0;
		};
		845EB23C25506BC3008DA208 /* Frameworks */ = {
			isa = PBXFrameworksBuildPhase;
			buildActionMask = 2147483647;
			files = (
				6637405B28C23B3BA6EC87D5 /* Pods_weatherTests.framework in Frameworks */,
			);
			runOnlyForDeploymentPostprocessing = 0;
		};
		845EB24725506BC3008DA208 /* Frameworks */ = {
			isa = PBXFrameworksBuildPhase;
			buildActionMask = 2147483647;
			files = (
				FA9058D288B358B6C5F31D6E /* Pods_weather_weatherUITests.framework in Frameworks */,
			);
			runOnlyForDeploymentPostprocessing = 0;
		};
/* End PBXFrameworksBuildPhase section */

/* Begin PBXGroup section */
		450B125E0CBC635777FC9E52 /* Pods */ = {
			isa = PBXGroup;
			children = (
				0EEB86E966E7AA1FEC74EB24 /* Pods-weather.debug.xcconfig */,
				D4B9A08CEDB48CD5D5DBE1BD /* Pods-weather.release.xcconfig */,
				996885971EF7906553274780 /* Pods-weather-weatherUITests.debug.xcconfig */,
				3796CBC54A0B76054D691EA4 /* Pods-weather-weatherUITests.release.xcconfig */,
				39F25B747742CB278FE3C95F /* Pods-weatherTests.debug.xcconfig */,
				56A4BADE688779F3AD7BBAB7 /* Pods-weatherTests.release.xcconfig */,
			);
			path = Pods;
			sourceTree = "<group>";
		};
		841CD7EB2555440F00AB8ABE /* Mock */ = {
			isa = PBXGroup;
			children = (
				841CD7EF2555443900AB8ABE /* MockWeatherWorker.swift */,
			);
			path = Mock;
			sourceTree = "<group>";
		};
		841CD7F4255556C000AB8ABE /* Feature */ = {
			isa = PBXGroup;
			children = (
				841CD7F5255556CC00AB8ABE /* Weather */,
				841CD7F6255556E600AB8ABE /* Forecast */,
			);
			path = Feature;
			sourceTree = "<group>";
		};
		841CD7F5255556CC00AB8ABE /* Weather */ = {
			isa = PBXGroup;
			children = (
				841CD7F7255556F900AB8ABE /* WeatherInteractorTest.swift */,
				841CD7FF2555570600AB8ABE /* WeatherPresenterTest.swift */,
				841CD8042555571300AB8ABE /* WeatherViewControllerTest.swift */,
				841CD8092555571F00AB8ABE /* WeatherRouterTest.swift */,
			);
			path = Weather;
			sourceTree = "<group>";
		};
		841CD7F6255556E600AB8ABE /* Forecast */ = {
			isa = PBXGroup;
			children = (
				841CD80E2555574300AB8ABE /* ForecastInteractorTest.swift */,
				841CD8132555575000AB8ABE /* ForecastPresenterTest.swift */,
				841CD8182555575C00AB8ABE /* ForecastViewControllerTest.swift */,
			);
			path = Forecast;
			sourceTree = "<group>";
		};
		8440B80E2554604400C10BDD /* View */ = {
			isa = PBXGroup;
			children = (
				8440B81A2554605500C10BDD /* LoadingView */,
			);
			path = View;
			sourceTree = "<group>";
		};
		8440B81A2554605500C10BDD /* LoadingView */ = {
			isa = PBXGroup;
			children = (
				8440B8152554605300C10BDD /* LoadingView.swift */,
				8462A601255462AF005074FD /* LoadingView.xib */,
			);
			path = LoadingView;
			sourceTree = "<group>";
		};
		84432A8525519AE900AFEFBA /* BaseViewController */ = {
			isa = PBXGroup;
			children = (
				84432A8625519AFE00AFEFBA /* BaseViewController.swift */,
			);
			path = BaseViewController;
			sourceTree = "<group>";
		};
		84432A8B25519B4800AFEFBA /* Helper */ = {
			isa = PBXGroup;
			children = (
				8440B80E2554604400C10BDD /* View */,
				84432AB42551B98900AFEFBA /* Extension.swift */,
				8440B809255453C100C10BDD /* DataHelper.swift */,
				842800F425556114002E64D8 /* NetworkError.swift */,
			);
			path = Helper;
			sourceTree = "<group>";
		};
		84432AA12551AE5B00AFEFBA /* Cell */ = {
			isa = PBXGroup;
			children = (
				842D633E255305F90090FB24 /* ForecastTableViewHeaderCell.swift */,
				842D633F255305F90090FB24 /* ForecastTableViewHeaderCell.xib */,
				84432AA32551AE7700AFEFBA /* ForecastTableViewCell.swift */,
				84432AA22551AE7700AFEFBA /* ForecastTableViewCell.xib */,
			);
			path = Cell;
			sourceTree = "<group>";
		};
		845EB22025506BC2008DA208 = {
			isa = PBXGroup;
			children = (
				845EB22B25506BC2008DA208 /* weather */,
				845EB24225506BC3008DA208 /* weatherTests */,
				845EB24D25506BC3008DA208 /* weatherUITests */,
				845EB22A25506BC2008DA208 /* Products */,
				450B125E0CBC635777FC9E52 /* Pods */,
				B3B30A4D48586E036A18013A /* Frameworks */,
			);
			sourceTree = "<group>";
		};
		845EB22A25506BC2008DA208 /* Products */ = {
			isa = PBXGroup;
			children = (
				845EB22925506BC2008DA208 /* weather.app */,
				845EB23F25506BC3008DA208 /* weatherTests.xctest */,
				845EB24A25506BC3008DA208 /* weatherUITests.xctest */,
			);
			name = Products;
			sourceTree = "<group>";
		};
		845EB22B25506BC2008DA208 /* weather */ = {
			isa = PBXGroup;
			children = (
				84432A8B25519B4800AFEFBA /* Helper */,
				845EB26A25506E89008DA208 /* Model */,
				845EB26925506E80008DA208 /* Network */,
				845EB26825506E59008DA208 /* Feature */,
				845EB22C25506BC2008DA208 /* AppDelegate.swift */,
				845EB22E25506BC2008DA208 /* SceneDelegate.swift */,
				845EB23025506BC2008DA208 /* ViewController.swift */,
				845EB23225506BC2008DA208 /* Main.storyboard */,
				845EB23525506BC3008DA208 /* Assets.xcassets */,
				845EB23725506BC3008DA208 /* LaunchScreen.storyboard */,
				845EB23A25506BC3008DA208 /* Info.plist */,
			);
			path = weather;
			sourceTree = "<group>";
		};
		845EB24225506BC3008DA208 /* weatherTests */ = {
			isa = PBXGroup;
			children = (
				841CD7EB2555440F00AB8ABE /* Mock */,
				841CD7F4255556C000AB8ABE /* Feature */,
				845EB24325506BC3008DA208 /* weatherTests.swift */,
				845EB24525506BC3008DA208 /* Info.plist */,
			);
			path = weatherTests;
			sourceTree = "<group>";
		};
		845EB24D25506BC3008DA208 /* weatherUITests */ = {
			isa = PBXGroup;
			children = (
				845EB24E25506BC3008DA208 /* weatherUITests.swift */,
				845EB25025506BC3008DA208 /* Info.plist */,
			);
			path = weatherUITests;
			sourceTree = "<group>";
		};
		845EB26825506E59008DA208 /* Feature */ = {
			isa = PBXGroup;
			children = (
				84432A8525519AE900AFEFBA /* BaseViewController */,
				845EB26C25506F29008DA208 /* Weather */,
				845EB26B25506E9E008DA208 /* Forecast */,
			);
			path = Feature;
			sourceTree = "<group>";
		};
		845EB26925506E80008DA208 /* Network */ = {
			isa = PBXGroup;
			children = (
				845EB289255070E6008DA208 /* Worker */,
			);
			path = Network;
			sourceTree = "<group>";
		};
		845EB26A25506E89008DA208 /* Model */ = {
			isa = PBXGroup;
			children = (
			);
			path = Model;
			sourceTree = "<group>";
		};
		845EB26B25506E9E008DA208 /* Forecast */ = {
			isa = PBXGroup;
			children = (
				84432AA12551AE5B00AFEFBA /* Cell */,
				84432A972551A41D00AFEFBA /* ForecastInteractor.swift */,
				84432A962551A41D00AFEFBA /* ForecastPresenter.swift */,
				84432A942551A41D00AFEFBA /* ForecastRouter.swift */,
				84432A952551A41D00AFEFBA /* ForecastViewController.swift */,
				84432A982551A41D00AFEFBA /* ForecastViewModel.swift */,
				84432AAC2551B10300AFEFBA /* ForecastViewController+TableView.swift */,
			);
			path = Forecast;
			sourceTree = "<group>";
		};
		845EB26C25506F29008DA208 /* Weather */ = {
			isa = PBXGroup;
			children = (
				845EB26D25506FCB008DA208 /* WeatherViewController.swift */,
				845EB27525506FDC008DA208 /* WeatherInteractor.swift */,
				845EB27A25506FE4008DA208 /* WeatherPresenter.swift */,
				845EB27F25506FED008DA208 /* WeatherRouter.swift */,
				845EB28425507006008DA208 /* WeatherViewModel.swift */,
				842800FC2555BC6D002E64D8 /* WeatherDataStore.swift */,
			);
			path = Weather;
			sourceTree = "<group>";
		};
		845EB289255070E6008DA208 /* Worker */ = {
			isa = PBXGroup;
			children = (
				845EB28A25507103008DA208 /* WeatherService.swift */,
				845EB28F2550710E008DA208 /* WeatherWorker.swift */,
				845EB2942550711B008DA208 /* WeatherModel.swift */,
			);
			path = Worker;
			sourceTree = "<group>";
		};
		B3B30A4D48586E036A18013A /* Frameworks */ = {
			isa = PBXGroup;
			children = (
				500304688B60E4F7460E44B1 /* Pods_weather.framework */,
				BB81DEFD1FDAED15EE4B2189 /* Pods_weather_weatherUITests.framework */,
				1D396A941025B167CC52B4CF /* Pods_weatherTests.framework */,
			);
			name = Frameworks;
			sourceTree = "<group>";
		};
/* End PBXGroup section */

/* Begin PBXNativeTarget section */
		845EB22825506BC2008DA208 /* weather */ = {
			isa = PBXNativeTarget;
			buildConfigurationList = 845EB25325506BC3008DA208 /* Build configuration list for PBXNativeTarget "weather" */;
			buildPhases = (
				005311F871A7786021311F4E /* [CP] Check Pods Manifest.lock */,
				845EB22525506BC2008DA208 /* Sources */,
				845EB22625506BC2008DA208 /* Frameworks */,
				845EB22725506BC2008DA208 /* Resources */,
				EAF76A170EF19B9C4E22856D /* [CP] Embed Pods Frameworks */,
			);
			buildRules = (
			);
			dependencies = (
			);
			name = weather;
			productName = weather;
			productReference = 845EB22925506BC2008DA208 /* weather.app */;
			productType = "com.apple.product-type.application";
		};
		845EB23E25506BC3008DA208 /* weatherTests */ = {
			isa = PBXNativeTarget;
			buildConfigurationList = 845EB25625506BC3008DA208 /* Build configuration list for PBXNativeTarget "weatherTests" */;
			buildPhases = (
				713B7C9526E8F3508FA8081A /* [CP] Check Pods Manifest.lock */,
				845EB23B25506BC3008DA208 /* Sources */,
				845EB23C25506BC3008DA208 /* Frameworks */,
				845EB23D25506BC3008DA208 /* Resources */,
			);
			buildRules = (
			);
			dependencies = (
				845EB24125506BC3008DA208 /* PBXTargetDependency */,
			);
			name = weatherTests;
			productName = weatherTests;
			productReference = 845EB23F25506BC3008DA208 /* weatherTests.xctest */;
			productType = "com.apple.product-type.bundle.unit-test";
		};
		845EB24925506BC3008DA208 /* weatherUITests */ = {
			isa = PBXNativeTarget;
			buildConfigurationList = 845EB25925506BC3008DA208 /* Build configuration list for PBXNativeTarget "weatherUITests" */;
			buildPhases = (
				DBEDE4B620D238414E905CC1 /* [CP] Check Pods Manifest.lock */,
				845EB24625506BC3008DA208 /* Sources */,
				845EB24725506BC3008DA208 /* Frameworks */,
				845EB24825506BC3008DA208 /* Resources */,
				6FE884F6EB57CA4BAB7435B8 /* [CP] Embed Pods Frameworks */,
			);
			buildRules = (
			);
			dependencies = (
				845EB24C25506BC3008DA208 /* PBXTargetDependency */,
			);
			name = weatherUITests;
			productName = weatherUITests;
			productReference = 845EB24A25506BC3008DA208 /* weatherUITests.xctest */;
			productType = "com.apple.product-type.bundle.ui-testing";
		};
/* End PBXNativeTarget section */

/* Begin PBXProject section */
		845EB22125506BC2008DA208 /* Project object */ = {
			isa = PBXProject;
			attributes = {
				LastSwiftUpdateCheck = 1210;
				LastUpgradeCheck = 1210;
				TargetAttributes = {
					845EB22825506BC2008DA208 = {
						CreatedOnToolsVersion = 12.1;
					};
					845EB23E25506BC3008DA208 = {
						CreatedOnToolsVersion = 12.1;
						TestTargetID = 845EB22825506BC2008DA208;
					};
					845EB24925506BC3008DA208 = {
						CreatedOnToolsVersion = 12.1;
						TestTargetID = 845EB22825506BC2008DA208;
					};
				};
			};
			buildConfigurationList = 845EB22425506BC2008DA208 /* Build configuration list for PBXProject "weather" */;
			compatibilityVersion = "Xcode 9.3";
			developmentRegion = en;
			hasScannedForEncodings = 0;
			knownRegions = (
				en,
				Base,
			);
			mainGroup = 845EB22025506BC2008DA208;
			productRefGroup = 845EB22A25506BC2008DA208 /* Products */;
			projectDirPath = "";
			projectRoot = "";
			targets = (
				845EB22825506BC2008DA208 /* weather */,
				845EB23E25506BC3008DA208 /* weatherTests */,
				845EB24925506BC3008DA208 /* weatherUITests */,
			);
		};
/* End PBXProject section */

/* Begin PBXResourcesBuildPhase section */
		845EB22725506BC2008DA208 /* Resources */ = {
			isa = PBXResourcesBuildPhase;
			buildActionMask = 2147483647;
			files = (
				84432AA42551AE7700AFEFBA /* ForecastTableViewCell.xib in Resources */,
				845EB23925506BC3008DA208 /* LaunchScreen.storyboard in Resources */,
				842D6341255305F90090FB24 /* ForecastTableViewHeaderCell.xib in Resources */,
				8462A602255462AF005074FD /* LoadingView.xib in Resources */,
				845EB23625506BC3008DA208 /* Assets.xcassets in Resources */,
				845EB23425506BC2008DA208 /* Main.storyboard in Resources */,
			);
			runOnlyForDeploymentPostprocessing = 0;
		};
		845EB23D25506BC3008DA208 /* Resources */ = {
			isa = PBXResourcesBuildPhase;
			buildActionMask = 2147483647;
			files = (
			);
			runOnlyForDeploymentPostprocessing = 0;
		};
		845EB24825506BC3008DA208 /* Resources */ = {
			isa = PBXResourcesBuildPhase;
			buildActionMask = 2147483647;
			files = (
			);
			runOnlyForDeploymentPostprocessing = 0;
		};
/* End PBXResourcesBuildPhase section */

/* Begin PBXShellScriptBuildPhase section */
		005311F871A7786021311F4E /* [CP] Check Pods Manifest.lock */ = {
			isa = PBXShellScriptBuildPhase;
			buildActionMask = 2147483647;
			files = (
			);
			inputFileListPaths = (
			);
			inputPaths = (
				"${PODS_PODFILE_DIR_PATH}/Podfile.lock",
				"${PODS_ROOT}/Manifest.lock",
			);
			name = "[CP] Check Pods Manifest.lock";
			outputFileListPaths = (
			);
			outputPaths = (
				"$(DERIVED_FILE_DIR)/Pods-weather-checkManifestLockResult.txt",
			);
			runOnlyForDeploymentPostprocessing = 0;
			shellPath = /bin/sh;
			shellScript = "diff \"${PODS_PODFILE_DIR_PATH}/Podfile.lock\" \"${PODS_ROOT}/Manifest.lock\" > /dev/null\nif [ $? != 0 ] ; then\n    # print error to STDERR\n    echo \"error: The sandbox is not in sync with the Podfile.lock. Run 'pod install' or update your CocoaPods installation.\" >&2\n    exit 1\nfi\n# This output is used by Xcode 'outputs' to avoid re-running this script phase.\necho \"SUCCESS\" > \"${SCRIPT_OUTPUT_FILE_0}\"\n";
			showEnvVarsInLog = 0;
		};
		6FE884F6EB57CA4BAB7435B8 /* [CP] Embed Pods Frameworks */ = {
			isa = PBXShellScriptBuildPhase;
			buildActionMask = 2147483647;
			files = (
			);
			inputFileListPaths = (
				"${PODS_ROOT}/Target Support Files/Pods-weather-weatherUITests/Pods-weather-weatherUITests-frameworks-${CONFIGURATION}-input-files.xcfilelist",
			);
			name = "[CP] Embed Pods Frameworks";
			outputFileListPaths = (
				"${PODS_ROOT}/Target Support Files/Pods-weather-weatherUITests/Pods-weather-weatherUITests-frameworks-${CONFIGURATION}-output-files.xcfilelist",
			);
			runOnlyForDeploymentPostprocessing = 0;
			shellPath = /bin/sh;
			shellScript = "\"${PODS_ROOT}/Target Support Files/Pods-weather-weatherUITests/Pods-weather-weatherUITests-frameworks.sh\"\n";
			showEnvVarsInLog = 0;
		};
		713B7C9526E8F3508FA8081A /* [CP] Check Pods Manifest.lock */ = {
			isa = PBXShellScriptBuildPhase;
			buildActionMask = 2147483647;
			files = (
			);
			inputFileListPaths = (
			);
			inputPaths = (
				"${PODS_PODFILE_DIR_PATH}/Podfile.lock",
				"${PODS_ROOT}/Manifest.lock",
			);
			name = "[CP] Check Pods Manifest.lock";
			outputFileListPaths = (
			);
			outputPaths = (
				"$(DERIVED_FILE_DIR)/Pods-weatherTests-checkManifestLockResult.txt",
			);
			runOnlyForDeploymentPostprocessing = 0;
			shellPath = /bin/sh;
			shellScript = "diff \"${PODS_PODFILE_DIR_PATH}/Podfile.lock\" \"${PODS_ROOT}/Manifest.lock\" > /dev/null\nif [ $? != 0 ] ; then\n    # print error to STDERR\n    echo \"error: The sandbox is not in sync with the Podfile.lock. Run 'pod install' or update your CocoaPods installation.\" >&2\n    exit 1\nfi\n# This output is used by Xcode 'outputs' to avoid re-running this script phase.\necho \"SUCCESS\" > \"${SCRIPT_OUTPUT_FILE_0}\"\n";
			showEnvVarsInLog = 0;
		};
		DBEDE4B620D238414E905CC1 /* [CP] Check Pods Manifest.lock */ = {
			isa = PBXShellScriptBuildPhase;
			buildActionMask = 2147483647;
			files = (
			);
			inputFileListPaths = (
			);
			inputPaths = (
				"${PODS_PODFILE_DIR_PATH}/Podfile.lock",
				"${PODS_ROOT}/Manifest.lock",
			);
			name = "[CP] Check Pods Manifest.lock";
			outputFileListPaths = (
			);
			outputPaths = (
				"$(DERIVED_FILE_DIR)/Pods-weather-weatherUITests-checkManifestLockResult.txt",
			);
			runOnlyForDeploymentPostprocessing = 0;
			shellPath = /bin/sh;
			shellScript = "diff \"${PODS_PODFILE_DIR_PATH}/Podfile.lock\" \"${PODS_ROOT}/Manifest.lock\" > /dev/null\nif [ $? != 0 ] ; then\n    # print error to STDERR\n    echo \"error: The sandbox is not in sync with the Podfile.lock. Run 'pod install' or update your CocoaPods installation.\" >&2\n    exit 1\nfi\n# This output is used by Xcode 'outputs' to avoid re-running this script phase.\necho \"SUCCESS\" > \"${SCRIPT_OUTPUT_FILE_0}\"\n";
			showEnvVarsInLog = 0;
		};
		EAF76A170EF19B9C4E22856D /* [CP] Embed Pods Frameworks */ = {
			isa = PBXShellScriptBuildPhase;
			buildActionMask = 2147483647;
			files = (
			);
			inputFileListPaths = (
				"${PODS_ROOT}/Target Support Files/Pods-weather/Pods-weather-frameworks-${CONFIGURATION}-input-files.xcfilelist",
			);
			name = "[CP] Embed Pods Frameworks";
			outputFileListPaths = (
				"${PODS_ROOT}/Target Support Files/Pods-weather/Pods-weather-frameworks-${CONFIGURATION}-output-files.xcfilelist",
			);
			runOnlyForDeploymentPostprocessing = 0;
			shellPath = /bin/sh;
			shellScript = "\"${PODS_ROOT}/Target Support Files/Pods-weather/Pods-weather-frameworks.sh\"\n";
			showEnvVarsInLog = 0;
		};
/* End PBXShellScriptBuildPhase section */

/* Begin PBXSourcesBuildPhase section */
		845EB22525506BC2008DA208 /* Sources */ = {
			isa = PBXSourcesBuildPhase;
			buildActionMask = 2147483647;
			files = (
				845EB23125506BC2008DA208 /* ViewController.swift in Sources */,
				84432A9B2551A41D00AFEFBA /* ForecastPresenter.swift in Sources */,
				8440B80A255453C100C10BDD /* DataHelper.swift in Sources */,
				845EB28B25507103008DA208 /* WeatherService.swift in Sources */,
				84432AAD2551B10300AFEFBA /* ForecastViewController+TableView.swift in Sources */,
				8440B8162554605300C10BDD /* LoadingView.swift in Sources */,
				84432A9A2551A41D00AFEFBA /* ForecastViewController.swift in Sources */,
				84432AA52551AE7700AFEFBA /* ForecastTableViewCell.swift in Sources */,
				845EB2902550710E008DA208 /* WeatherWorker.swift in Sources */,
				845EB27B25506FE4008DA208 /* WeatherPresenter.swift in Sources */,
				845EB26E25506FCB008DA208 /* WeatherViewController.swift in Sources */,
				84432A992551A41D00AFEFBA /* ForecastRouter.swift in Sources */,
				84432A8725519AFE00AFEFBA /* BaseViewController.swift in Sources */,
				84432AB52551B98900AFEFBA /* Extension.swift in Sources */,
				84432A9D2551A41D00AFEFBA /* ForecastViewModel.swift in Sources */,
				845EB27625506FDC008DA208 /* WeatherInteractor.swift in Sources */,
				845EB28025506FED008DA208 /* WeatherRouter.swift in Sources */,
				842D6340255305F90090FB24 /* ForecastTableViewHeaderCell.swift in Sources */,
				842800FD2555BC6D002E64D8 /* WeatherDataStore.swift in Sources */,
				842800F525556114002E64D8 /* NetworkError.swift in Sources */,
				845EB28525507006008DA208 /* WeatherViewModel.swift in Sources */,
				845EB22D25506BC2008DA208 /* AppDelegate.swift in Sources */,
				845EB22F25506BC2008DA208 /* SceneDelegate.swift in Sources */,
				84432A9C2551A41D00AFEFBA /* ForecastInteractor.swift in Sources */,
				845EB2952550711B008DA208 /* WeatherModel.swift in Sources */,
			);
			runOnlyForDeploymentPostprocessing = 0;
		};
		845EB23B25506BC3008DA208 /* Sources */ = {
			isa = PBXSourcesBuildPhase;
			buildActionMask = 2147483647;
			files = (
				841CD7F02555443900AB8ABE /* MockWeatherWorker.swift in Sources */,
				841CD8192555575C00AB8ABE /* ForecastViewControllerTest.swift in Sources */,
				841CD8052555571300AB8ABE /* WeatherViewControllerTest.swift in Sources */,
				841CD8002555570600AB8ABE /* WeatherPresenterTest.swift in Sources */,
				841CD7F8255556F900AB8ABE /* WeatherInteractorTest.swift in Sources */,
				845EB24425506BC3008DA208 /* weatherTests.swift in Sources */,
				841CD8142555575000AB8ABE /* ForecastPresenterTest.swift in Sources */,
				841CD80F2555574300AB8ABE /* ForecastInteractorTest.swift in Sources */,
				841CD80A2555571F00AB8ABE /* WeatherRouterTest.swift in Sources */,
			);
			runOnlyForDeploymentPostprocessing = 0;
		};
		845EB24625506BC3008DA208 /* Sources */ = {
			isa = PBXSourcesBuildPhase;
			buildActionMask = 2147483647;
			files = (
				845EB24F25506BC3008DA208 /* weatherUITests.swift in Sources */,
			);
			runOnlyForDeploymentPostprocessing = 0;
		};
/* End PBXSourcesBuildPhase section */

/* Begin PBXTargetDependency section */
		845EB24125506BC3008DA208 /* PBXTargetDependency */ = {
			isa = PBXTargetDependency;
			target = 845EB22825506BC2008DA208 /* weather */;
			targetProxy = 845EB24025506BC3008DA208 /* PBXContainerItemProxy */;
		};
		845EB24C25506BC3008DA208 /* PBXTargetDependency */ = {
			isa = PBXTargetDependency;
			target = 845EB22825506BC2008DA208 /* weather */;
			targetProxy = 845EB24B25506BC3008DA208 /* PBXContainerItemProxy */;
		};
/* End PBXTargetDependency section */

/* Begin PBXVariantGroup section */
		845EB23225506BC2008DA208 /* Main.storyboard */ = {
			isa = PBXVariantGroup;
			children = (
				845EB23325506BC2008DA208 /* Base */,
			);
			name = Main.storyboard;
			sourceTree = "<group>";
		};
		845EB23725506BC3008DA208 /* LaunchScreen.storyboard */ = {
			isa = PBXVariantGroup;
			children = (
				845EB23825506BC3008DA208 /* Base */,
			);
			name = LaunchScreen.storyboard;
			sourceTree = "<group>";
		};
/* End PBXVariantGroup section */

/* Begin XCBuildConfiguration section */
		845EB25125506BC3008DA208 /* Debug */ = {
			isa = XCBuildConfiguration;
			buildSettings = {
				ALWAYS_SEARCH_USER_PATHS = NO;
				CLANG_ANALYZER_NONNULL = YES;
				CLANG_ANALYZER_NUMBER_OBJECT_CONVERSION = YES_AGGRESSIVE;
				CLANG_CXX_LANGUAGE_STANDARD = "gnu++14";
				CLANG_CXX_LIBRARY = "libc++";
				CLANG_ENABLE_MODULES = YES;
				CLANG_ENABLE_OBJC_ARC = YES;
				CLANG_ENABLE_OBJC_WEAK = YES;
				CLANG_WARN_BLOCK_CAPTURE_AUTORELEASING = YES;
				CLANG_WARN_BOOL_CONVERSION = YES;
				CLANG_WARN_COMMA = YES;
				CLANG_WARN_CONSTANT_CONVERSION = YES;
				CLANG_WARN_DEPRECATED_OBJC_IMPLEMENTATIONS = YES;
				CLANG_WARN_DIRECT_OBJC_ISA_USAGE = YES_ERROR;
				CLANG_WARN_DOCUMENTATION_COMMENTS = YES;
				CLANG_WARN_EMPTY_BODY = YES;
				CLANG_WARN_ENUM_CONVERSION = YES;
				CLANG_WARN_INFINITE_RECURSION = YES;
				CLANG_WARN_INT_CONVERSION = YES;
				CLANG_WARN_NON_LITERAL_NULL_CONVERSION = YES;
				CLANG_WARN_OBJC_IMPLICIT_RETAIN_SELF = YES;
				CLANG_WARN_OBJC_LITERAL_CONVERSION = YES;
				CLANG_WARN_OBJC_ROOT_CLASS = YES_ERROR;
				CLANG_WARN_QUOTED_INCLUDE_IN_FRAMEWORK_HEADER = YES;
				CLANG_WARN_RANGE_LOOP_ANALYSIS = YES;
				CLANG_WARN_STRICT_PROTOTYPES = YES;
				CLANG_WARN_SUSPICIOUS_MOVE = YES;
				CLANG_WARN_UNGUARDED_AVAILABILITY = YES_AGGRESSIVE;
				CLANG_WARN_UNREACHABLE_CODE = YES;
				CLANG_WARN__DUPLICATE_METHOD_MATCH = YES;
				COPY_PHASE_STRIP = NO;
				DEBUG_INFORMATION_FORMAT = dwarf;
				ENABLE_STRICT_OBJC_MSGSEND = YES;
				ENABLE_TESTABILITY = YES;
				GCC_C_LANGUAGE_STANDARD = gnu11;
				GCC_DYNAMIC_NO_PIC = NO;
				GCC_NO_COMMON_BLOCKS = YES;
				GCC_OPTIMIZATION_LEVEL = 0;
				GCC_PREPROCESSOR_DEFINITIONS = (
					"DEBUG=1",
					"$(inherited)",
				);
				GCC_WARN_64_TO_32_BIT_CONVERSION = YES;
				GCC_WARN_ABOUT_RETURN_TYPE = YES_ERROR;
				GCC_WARN_UNDECLARED_SELECTOR = YES;
				GCC_WARN_UNINITIALIZED_AUTOS = YES_AGGRESSIVE;
				GCC_WARN_UNUSED_FUNCTION = YES;
				GCC_WARN_UNUSED_VARIABLE = YES;
				IPHONEOS_DEPLOYMENT_TARGET = 14.1;
				MTL_ENABLE_DEBUG_INFO = INCLUDE_SOURCE;
				MTL_FAST_MATH = YES;
				ONLY_ACTIVE_ARCH = YES;
				SDKROOT = iphoneos;
				SWIFT_ACTIVE_COMPILATION_CONDITIONS = DEBUG;
				SWIFT_OPTIMIZATION_LEVEL = "-Onone";
			};
			name = Debug;
		};
		845EB25225506BC3008DA208 /* Release */ = {
			isa = XCBuildConfiguration;
			buildSettings = {
				ALWAYS_SEARCH_USER_PATHS = NO;
				CLANG_ANALYZER_NONNULL = YES;
				CLANG_ANALYZER_NUMBER_OBJECT_CONVERSION = YES_AGGRESSIVE;
				CLANG_CXX_LANGUAGE_STANDARD = "gnu++14";
				CLANG_CXX_LIBRARY = "libc++";
				CLANG_ENABLE_MODULES = YES;
				CLANG_ENABLE_OBJC_ARC = YES;
				CLANG_ENABLE_OBJC_WEAK = YES;
				CLANG_WARN_BLOCK_CAPTURE_AUTORELEASING = YES;
				CLANG_WARN_BOOL_CONVERSION = YES;
				CLANG_WARN_COMMA = YES;
				CLANG_WARN_CONSTANT_CONVERSION = YES;
				CLANG_WARN_DEPRECATED_OBJC_IMPLEMENTATIONS = YES;
				CLANG_WARN_DIRECT_OBJC_ISA_USAGE = YES_ERROR;
				CLANG_WARN_DOCUMENTATION_COMMENTS = YES;
				CLANG_WARN_EMPTY_BODY = YES;
				CLANG_WARN_ENUM_CONVERSION = YES;
				CLANG_WARN_INFINITE_RECURSION = YES;
				CLANG_WARN_INT_CONVERSION = YES;
				CLANG_WARN_NON_LITERAL_NULL_CONVERSION = YES;
				CLANG_WARN_OBJC_IMPLICIT_RETAIN_SELF = YES;
				CLANG_WARN_OBJC_LITERAL_CONVERSION = YES;
				CLANG_WARN_OBJC_ROOT_CLASS = YES_ERROR;
				CLANG_WARN_QUOTED_INCLUDE_IN_FRAMEWORK_HEADER = YES;
				CLANG_WARN_RANGE_LOOP_ANALYSIS = YES;
				CLANG_WARN_STRICT_PROTOTYPES = YES;
				CLANG_WARN_SUSPICIOUS_MOVE = YES;
				CLANG_WARN_UNGUARDED_AVAILABILITY = YES_AGGRESSIVE;
				CLANG_WARN_UNREACHABLE_CODE = YES;
				CLANG_WARN__DUPLICATE_METHOD_MATCH = YES;
				COPY_PHASE_STRIP = NO;
				DEBUG_INFORMATION_FORMAT = "dwarf-with-dsym";
				ENABLE_NS_ASSERTIONS = NO;
				ENABLE_STRICT_OBJC_MSGSEND = YES;
				GCC_C_LANGUAGE_STANDARD = gnu11;
				GCC_NO_COMMON_BLOCKS = YES;
				GCC_WARN_64_TO_32_BIT_CONVERSION = YES;
				GCC_WARN_ABOUT_RETURN_TYPE = YES_ERROR;
				GCC_WARN_UNDECLARED_SELECTOR = YES;
				GCC_WARN_UNINITIALIZED_AUTOS = YES_AGGRESSIVE;
				GCC_WARN_UNUSED_FUNCTION = YES;
				GCC_WARN_UNUSED_VARIABLE = YES;
				IPHONEOS_DEPLOYMENT_TARGET = 14.1;
				MTL_ENABLE_DEBUG_INFO = NO;
				MTL_FAST_MATH = YES;
				SDKROOT = iphoneos;
				SWIFT_COMPILATION_MODE = wholemodule;
				SWIFT_OPTIMIZATION_LEVEL = "-O";
				VALIDATE_PRODUCT = YES;
			};
			name = Release;
		};
		845EB25425506BC3008DA208 /* Debug */ = {
			isa = XCBuildConfiguration;
			baseConfigurationReference = 0EEB86E966E7AA1FEC74EB24 /* Pods-weather.debug.xcconfig */;
			buildSettings = {
				ASSETCATALOG_COMPILER_APPICON_NAME = AppIcon;
				ASSETCATALOG_COMPILER_GLOBAL_ACCENT_COLOR_NAME = AccentColor;
				CODE_SIGN_STYLE = Automatic;
				DEVELOPMENT_TEAM = 3W7B6559Y2;
				INFOPLIST_FILE = weather/Info.plist;
				LD_RUNPATH_SEARCH_PATHS = (
					"$(inherited)",
					"@executable_path/Frameworks",
				);
				PRODUCT_BUNDLE_IDENTIFIER = toy.weather;
				PRODUCT_NAME = "$(TARGET_NAME)";
				SWIFT_VERSION = 5.0;
				TARGETED_DEVICE_FAMILY = "1,2";
			};
			name = Debug;
		};
		845EB25525506BC3008DA208 /* Release */ = {
			isa = XCBuildConfiguration;
			baseConfigurationReference = D4B9A08CEDB48CD5D5DBE1BD /* Pods-weather.release.xcconfig */;
			buildSettings = {
				ASSETCATALOG_COMPILER_APPICON_NAME = AppIcon;
				ASSETCATALOG_COMPILER_GLOBAL_ACCENT_COLOR_NAME = AccentColor;
				CODE_SIGN_STYLE = Automatic;
				DEVELOPMENT_TEAM = 3W7B6559Y2;
				INFOPLIST_FILE = weather/Info.plist;
				LD_RUNPATH_SEARCH_PATHS = (
					"$(inherited)",
					"@executable_path/Frameworks",
				);
				PRODUCT_BUNDLE_IDENTIFIER = toy.weather;
				PRODUCT_NAME = "$(TARGET_NAME)";
				SWIFT_VERSION = 5.0;
				TARGETED_DEVICE_FAMILY = "1,2";
			};
			name = Release;
		};
		845EB25725506BC3008DA208 /* Debug */ = {
			isa = XCBuildConfiguration;
			baseConfigurationReference = 39F25B747742CB278FE3C95F /* Pods-weatherTests.debug.xcconfig */;
			buildSettings = {
				ALWAYS_EMBED_SWIFT_STANDARD_LIBRARIES = YES;
				BUNDLE_LOADER = "$(TEST_HOST)";
				CODE_SIGN_STYLE = Automatic;
				DEVELOPMENT_TEAM = 3W7B6559Y2;
				INFOPLIST_FILE = weatherTests/Info.plist;
				IPHONEOS_DEPLOYMENT_TARGET = 14.1;
				LD_RUNPATH_SEARCH_PATHS = (
					"$(inherited)",
					"@executable_path/Frameworks",
					"@loader_path/Frameworks",
				);
				PRODUCT_BUNDLE_IDENTIFIER = toy.weatherTests;
				PRODUCT_NAME = "$(TARGET_NAME)";
				SWIFT_VERSION = 5.0;
				TARGETED_DEVICE_FAMILY = "1,2";
				TEST_HOST = "$(BUILT_PRODUCTS_DIR)/weather.app/weather";
			};
			name = Debug;
		};
		845EB25825506BC3008DA208 /* Release */ = {
			isa = XCBuildConfiguration;
			baseConfigurationReference = 56A4BADE688779F3AD7BBAB7 /* Pods-weatherTests.release.xcconfig */;
			buildSettings = {
				ALWAYS_EMBED_SWIFT_STANDARD_LIBRARIES = YES;
				BUNDLE_LOADER = "$(TEST_HOST)";
				CODE_SIGN_STYLE = Automatic;
				DEVELOPMENT_TEAM = 3W7B6559Y2;
				INFOPLIST_FILE = weatherTests/Info.plist;
				IPHONEOS_DEPLOYMENT_TARGET = 14.1;
				LD_RUNPATH_SEARCH_PATHS = (
					"$(inherited)",
					"@executable_path/Frameworks",
					"@loader_path/Frameworks",
				);
				PRODUCT_BUNDLE_IDENTIFIER = toy.weatherTests;
				PRODUCT_NAME = "$(TARGET_NAME)";
				SWIFT_VERSION = 5.0;
				TARGETED_DEVICE_FAMILY = "1,2";
				TEST_HOST = "$(BUILT_PRODUCTS_DIR)/weather.app/weather";
			};
			name = Release;
		};
		845EB25A25506BC3008DA208 /* Debug */ = {
			isa = XCBuildConfiguration;
			baseConfigurationReference = 996885971EF7906553274780 /* Pods-weather-weatherUITests.debug.xcconfig */;
			buildSettings = {
				ALWAYS_EMBED_SWIFT_STANDARD_LIBRARIES = YES;
				CODE_SIGN_STYLE = Automatic;
				DEVELOPMENT_TEAM = 3W7B6559Y2;
				INFOPLIST_FILE = weatherUITests/Info.plist;
				LD_RUNPATH_SEARCH_PATHS = (
					"$(inherited)",
					"@executable_path/Frameworks",
					"@loader_path/Frameworks",
				);
				PRODUCT_BUNDLE_IDENTIFIER = toy.weatherUITests;
				PRODUCT_NAME = "$(TARGET_NAME)";
				SWIFT_VERSION = 5.0;
				TARGETED_DEVICE_FAMILY = "1,2";
				TEST_TARGET_NAME = weather;
			};
			name = Debug;
		};
		845EB25B25506BC3008DA208 /* Release */ = {
			isa = XCBuildConfiguration;
			baseConfigurationReference = 3796CBC54A0B76054D691EA4 /* Pods-weather-weatherUITests.release.xcconfig */;
			buildSettings = {
				ALWAYS_EMBED_SWIFT_STANDARD_LIBRARIES = YES;
				CODE_SIGN_STYLE = Automatic;
				DEVELOPMENT_TEAM = 3W7B6559Y2;
				INFOPLIST_FILE = weatherUITests/Info.plist;
				LD_RUNPATH_SEARCH_PATHS = (
					"$(inherited)",
					"@executable_path/Frameworks",
					"@loader_path/Frameworks",
				);
				PRODUCT_BUNDLE_IDENTIFIER = toy.weatherUITests;
				PRODUCT_NAME = "$(TARGET_NAME)";
				SWIFT_VERSION = 5.0;
				TARGETED_DEVICE_FAMILY = "1,2";
				TEST_TARGET_NAME = weather;
			};
			name = Release;
		};
/* End XCBuildConfiguration section */

/* Begin XCConfigurationList section */
		845EB22425506BC2008DA208 /* Build configuration list for PBXProject "weather" */ = {
			isa = XCConfigurationList;
			buildConfigurations = (
				845EB25125506BC3008DA208 /* Debug */,
				845EB25225506BC3008DA208 /* Release */,
			);
			defaultConfigurationIsVisible = 0;
			defaultConfigurationName = Release;
		};
		845EB25325506BC3008DA208 /* Build configuration list for PBXNativeTarget "weather" */ = {
			isa = XCConfigurationList;
			buildConfigurations = (
				845EB25425506BC3008DA208 /* Debug */,
				845EB25525506BC3008DA208 /* Release */,
			);
			defaultConfigurationIsVisible = 0;
			defaultConfigurationName = Release;
		};
		845EB25625506BC3008DA208 /* Build configuration list for PBXNativeTarget "weatherTests" */ = {
			isa = XCConfigurationList;
			buildConfigurations = (
				845EB25725506BC3008DA208 /* Debug */,
				845EB25825506BC3008DA208 /* Release */,
			);
			defaultConfigurationIsVisible = 0;
			defaultConfigurationName = Release;
		};
		845EB25925506BC3008DA208 /* Build configuration list for PBXNativeTarget "weatherUITests" */ = {
			isa = XCConfigurationList;
			buildConfigurations = (
				845EB25A25506BC3008DA208 /* Debug */,
				845EB25B25506BC3008DA208 /* Release */,
			);
			defaultConfigurationIsVisible = 0;
			defaultConfigurationName = Release;
		};
/* End XCConfigurationList section */
	};
	rootObject = 845EB22125506BC2008DA208 /* Project object */;
}
